{
  "pins" : [
    {
      "identity" : "codablefirebase",
      "kind" : "remoteSourceControl",
      "location" : "https://github.com/alickbass/CodableFirebase",
      "state" : {
        "branch" : "master",
        "revision" : "5491be775c22311c7ee0542dc5856b3ff4c99958"
      }
    },
    {
      "identity" : "iqkeyboardmanager",
      "kind" : "remoteSourceControl",
      "location" : "https://github.com/hackiftekhar/IQKeyboardManager",
      "state" : {
        "branch" : "master",
        "revision" : "474f849accae40fe61b5302d9b057dd48ee073ba"
      }
    },
    {
      "identity" : "progresshud",
      "kind" : "remoteSourceControl",
      "location" : "https://github.com/relatedcode/ProgressHUD",
      "state" : {
        "revision" : "22c3f83268b4c47b4623fe3a9701af7310fa8d8a",
        "version" : "13.6.1"
      }
    },
    {
      "identity" : "randomcolorswift",
      "kind" : "remoteSourceControl",
      "location" : "https://github.com/onevcat/RandomColorSwift",
      "state" : {
        "branch" : "master",
        "revision" : "ab01c6eff99f40c5e23ffcb957eb3971f937f106"
      }
    },
    {
      "identity" : "reusable",
      "kind" : "remoteSourceControl",
      "location" : "https://github.com/AliSoftware/Reusable",
      "state" : {
        "branch" : "main",
        "revision" : "85e8ef7b2441433ffed2fc8cf4942961b70a83f6"
      }
    },
    {
      "identity" : "sclalertview-swift",
      "kind" : "remoteSourceControl",
      "location" : "https://github.com/vikmeup/SCLAlertView-Swift",
      "state" : {
        "branch" : "master",
        "revision" : "f08ec93c299a221210e59462c84c79410050e5b7"
      }
    },
    {
      "identity" : "snapkit",
      "kind" : "remoteSourceControl",
      "location" : "https://github.com/SnapKit/SnapKit",
      "state" : {
        "revision" : "d458564516e5676af9c70b4f4b2a9178294f1bc6",
        "version" : "5.0.1"
      }
    }
  ],
  "version" : 2
}
