// !$*UTF8*$!
{
	archiveVersion = 1;
	classes = {
	};
	objectVersion = 55;
	objects = {

/* Begin PBXBuildFile section */
		11031F592824BECF005F0803 /* UniformKeypathInitializable.swift in Sources */ = {isa = PBXBuildFile; fileRef = 116AF903281B32DD0096221E /* UniformKeypathInitializable.swift */; };
		1118FD412829C9A8003AA9DD /* Notifications.swift in Sources */ = {isa = PBXBuildFile; fileRef = 1118FD402829C9A8003AA9DD /* Notifications.swift */; };
		114A815927E1457800EAEC26 /* CaptionViewController.swift in Sources */ = {isa = PBXBuildFile; fileRef = 114A815827E1457800EAEC26 /* CaptionViewController.swift */; };
		1159DA4B282ADC3D0067C116 /* NotificationTableViewCell.swift in Sources */ = {isa = PBXBuildFile; fileRef = 1159DA4A282ADC3C0067C116 /* NotificationTableViewCell.swift */; };
		116AF8FE281AF3330096221E /* DatabaseManager.swift in Sources */ = {isa = PBXBuildFile; fileRef = 11A73E8A27B59D9A00BD8A2E /* DatabaseManager.swift */; };
		116AF902281B18F80096221E /* ProgressHUD in Frameworks */ = {isa = PBXBuildFile; productRef = 116AF901281B18F80096221E /* ProgressHUD */; };
		116AF906281B3F380096221E /* UITextView+Placeholder.swift in Sources */ = {isa = PBXBuildFile; fileRef = 116AF905281B3F380096221E /* UITextView+Placeholder.swift */; };
		116C55AB27F3B46A008498A7 /* Reusable in Frameworks */ = {isa = PBXBuildFile; productRef = 116C55AA27F3B46A008498A7 /* Reusable */; };
		116C55AE27F3B4B2008498A7 /* CodableFirebase in Frameworks */ = {isa = PBXBuildFile; productRef = 116C55AD27F3B4B2008498A7 /* CodableFirebase */; };
		116C55B127F3B4D0008498A7 /* RandomColor in Frameworks */ = {isa = PBXBuildFile; productRef = 116C55B027F3B4D0008498A7 /* RandomColor */; };
		116C55B427F3B4EF008498A7 /* SnapKit in Frameworks */ = {isa = PBXBuildFile; productRef = 116C55B327F3B4EF008498A7 /* SnapKit */; };
		116C55B727F3B504008498A7 /* IQKeyboardManagerSwift in Frameworks */ = {isa = PBXBuildFile; productRef = 116C55B627F3B504008498A7 /* IQKeyboardManagerSwift */; };
		116C55BA27F3B52D008498A7 /* SCLAlertView in Frameworks */ = {isa = PBXBuildFile; productRef = 116C55B927F3B52D008498A7 /* SCLAlertView */; };
		11A73E5527B31C3400BD8A2E /* AppDelegate.swift in Sources */ = {isa = PBXBuildFile; fileRef = 11A73E5427B31C3400BD8A2E /* AppDelegate.swift */; };
		11A73E5727B31C3400BD8A2E /* SceneDelegate.swift in Sources */ = {isa = PBXBuildFile; fileRef = 11A73E5627B31C3400BD8A2E /* SceneDelegate.swift */; };
		11A73E5927B31C3400BD8A2E /* HomeViewController.swift in Sources */ = {isa = PBXBuildFile; fileRef = 11A73E5827B31C3400BD8A2E /* HomeViewController.swift */; };
		11A73E5E27B31C3700BD8A2E /* Assets.xcassets in Resources */ = {isa = PBXBuildFile; fileRef = 11A73E5D27B31C3700BD8A2E /* Assets.xcassets */; };
		11A73E6127B31C3700BD8A2E /* LaunchScreen.storyboard in Resources */ = {isa = PBXBuildFile; fileRef = 11A73E5F27B31C3700BD8A2E /* LaunchScreen.storyboard */; };
		11A73E7127B59CB600BD8A2E /* ExploreViewController.swift in Sources */ = {isa = PBXBuildFile; fileRef = 11A73E7027B59CB600BD8A2E /* ExploreViewController.swift */; };
		11A73E7327B59CBF00BD8A2E /* CameraViewController.swift in Sources */ = {isa = PBXBuildFile; fileRef = 11A73E7227B59CBF00BD8A2E /* CameraViewController.swift */; };
		11A73E7527B59CC900BD8A2E /* NotificationsViewController.swift in Sources */ = {isa = PBXBuildFile; fileRef = 11A73E7427B59CC900BD8A2E /* NotificationsViewController.swift */; };
		11A73E7727B59CD400BD8A2E /* ProfileViewController.swift in Sources */ = {isa = PBXBuildFile; fileRef = 11A73E7627B59CD400BD8A2E /* ProfileViewController.swift */; };
		11A73E7927B59CEB00BD8A2E /* UserListViewController.swift in Sources */ = {isa = PBXBuildFile; fileRef = 11A73E7827B59CEB00BD8A2E /* UserListViewController.swift */; };
		11A73E7B27B59CFE00BD8A2E /* SignInViewController.swift in Sources */ = {isa = PBXBuildFile; fileRef = 11A73E7A27B59CFE00BD8A2E /* SignInViewController.swift */; };
		11A73E7D27B59D0600BD8A2E /* SignUpViewController.swift in Sources */ = {isa = PBXBuildFile; fileRef = 11A73E7C27B59D0600BD8A2E /* SignUpViewController.swift */; };
		11A73E7F27B59D0D00BD8A2E /* SettingsViewController.swift in Sources */ = {isa = PBXBuildFile; fileRef = 11A73E7E27B59D0D00BD8A2E /* SettingsViewController.swift */; };
		11A73E8127B59D2C00BD8A2E /* TabBarViewController.swift in Sources */ = {isa = PBXBuildFile; fileRef = 11A73E8027B59D2C00BD8A2E /* TabBarViewController.swift */; };
		11A73E8527B59D6700BD8A2E /* PostViewController.swift in Sources */ = {isa = PBXBuildFile; fileRef = 11A73E8427B59D6700BD8A2E /* PostViewController.swift */; };
		11A73E8927B59D8700BD8A2E /* StorageManager.swift in Sources */ = {isa = PBXBuildFile; fileRef = 11A73E8827B59D8700BD8A2E /* StorageManager.swift */; };
		11A73E8D27B59DA500BD8A2E /* AuthenticationManager.swift in Sources */ = {isa = PBXBuildFile; fileRef = 11A73E8C27B59DA500BD8A2E /* AuthenticationManager.swift */; };
		11A73E8F27B59DBA00BD8A2E /* HapticsManager.swift in Sources */ = {isa = PBXBuildFile; fileRef = 11A73E8E27B59DBA00BD8A2E /* HapticsManager.swift */; };
		11A73EC027B5F7FB00BD8A2E /* GoogleService-Info.plist in Resources */ = {isa = PBXBuildFile; fileRef = 11A73EBF27B5F7FB00BD8A2E /* GoogleService-Info.plist */; };
		11A73EC727B9DB6B00BD8A2E /* UIKit+Extensions.swift in Sources */ = {isa = PBXBuildFile; fileRef = 11A73EC627B9DB6B00BD8A2E /* UIKit+Extensions.swift */; };
		11A73EC927BA0AFB00BD8A2E /* PostModel.swift in Sources */ = {isa = PBXBuildFile; fileRef = 11A73EC827BA0AFB00BD8A2E /* PostModel.swift */; };
		11A73ED627BAA50200BD8A2E /* localizable.strings in Resources */ = {isa = PBXBuildFile; fileRef = 11A73ED527BAA50200BD8A2E /* localizable.strings */; };
		11A73ED927BAA73B00BD8A2E /* L10n-Constants.swift in Sources */ = {isa = PBXBuildFile; fileRef = 11A73ED827BAA73B00BD8A2E /* L10n-Constants.swift */; };
		11A73EDE27BAE39900BD8A2E /* ConvertibleNumType.swift in Sources */ = {isa = PBXBuildFile; fileRef = 11A73EDA27BAD5E300BD8A2E /* ConvertibleNumType.swift */; };
		11D1EC6A27BDD89100A7766D /* CommentsViewController.swift in Sources */ = {isa = PBXBuildFile; fileRef = 11D1EC6927BDD89100A7766D /* CommentsViewController.swift */; };
		11D1EC7027BF2BB200A7766D /* PostComment.swift in Sources */ = {isa = PBXBuildFile; fileRef = 11D1EC6F27BF2BB200A7766D /* PostComment.swift */; };
		11D1EC7227BF2BEA00A7766D /* User.swift in Sources */ = {isa = PBXBuildFile; fileRef = 11D1EC7127BF2BEA00A7766D /* User.swift */; };
		11D1EC7427BF519900A7766D /* CommentTableViewCell.swift in Sources */ = {isa = PBXBuildFile; fileRef = 11D1EC7327BF519900A7766D /* CommentTableViewCell.swift */; };
		11D1EC7927BF574500A7766D /* Foundation+Extensions.swift in Sources */ = {isa = PBXBuildFile; fileRef = 11D1EC7827BF574500A7766D /* Foundation+Extensions.swift */; };
		11D5BC7727C00BB2008CDA2D /* Assets.swift in Sources */ = {isa = PBXBuildFile; fileRef = 11D5BC7627C00BB2008CDA2D /* Assets.swift */; };
		11D5BC8827C3D22D008CDA2D /* Secure.swift in Sources */ = {isa = PBXBuildFile; fileRef = 11D5BC8727C3D22D008CDA2D /* Secure.swift */; };
		11D5BC8A27C3D5BE008CDA2D /* JWPlayer+Extensions.swift in Sources */ = {isa = PBXBuildFile; fileRef = 11D5BC8927C3D5BE008CDA2D /* JWPlayer+Extensions.swift */; };
		11D5BC9027C3E446008CDA2D /* mixkit-woman-running-vangelis-tiktok-format.mp4 in Resources */ = {isa = PBXBuildFile; fileRef = 11D5BC8F27C3E446008CDA2D /* mixkit-woman-running-vangelis-tiktok-format.mp4 */; };
		11D5BC9627C3F193008CDA2D /* DefaultJWPlayerXDelegate.swift in Sources */ = {isa = PBXBuildFile; fileRef = 11D5BC9527C3F193008CDA2D /* DefaultJWPlayerXDelegate.swift */; };
		11D5BC9927C40E9B008CDA2D /* ExploreCell.swift in Sources */ = {isa = PBXBuildFile; fileRef = 11D5BC9827C40E9B008CDA2D /* ExploreCell.swift */; };
		11D5BC9B27C40EB4008CDA2D /* ExploreSection.swift in Sources */ = {isa = PBXBuildFile; fileRef = 11D5BC9A27C40EB4008CDA2D /* ExploreSection.swift */; };
		11D5BC9D27C40FCD008CDA2D /* ExploreBannerViewModel.swift in Sources */ = {isa = PBXBuildFile; fileRef = 11D5BC9C27C40FCD008CDA2D /* ExploreBannerViewModel.swift */; };
		11D5BC9F27C40FD5008CDA2D /* ExplorePostViewModel.swift in Sources */ = {isa = PBXBuildFile; fileRef = 11D5BC9E27C40FD5008CDA2D /* ExplorePostViewModel.swift */; };
		11D5BCA127C40FD7008CDA2D /* ExploreUserViewModel.swift in Sources */ = {isa = PBXBuildFile; fileRef = 11D5BCA027C40FD7008CDA2D /* ExploreUserViewModel.swift */; };
		11D5BCA327C40FDC008CDA2D /* ExploreHashtagViewModel.swift in Sources */ = {isa = PBXBuildFile; fileRef = 11D5BCA227C40FDC008CDA2D /* ExploreHashtagViewModel.swift */; };
		11D5BCA527C46B34008CDA2D /* ExploreSectionLayoutProvider.swift in Sources */ = {isa = PBXBuildFile; fileRef = 11D5BCA427C46B34008CDA2D /* ExploreSectionLayoutProvider.swift */; };
		11D5BCA727C46CA7008CDA2D /* ExploreBannerCollectionViewCell.swift in Sources */ = {isa = PBXBuildFile; fileRef = 11D5BCA627C46CA7008CDA2D /* ExploreBannerCollectionViewCell.swift */; };
		11D5BCA927C46CAC008CDA2D /* ExploreHashtagCollectionViewCell.swift in Sources */ = {isa = PBXBuildFile; fileRef = 11D5BCA827C46CAC008CDA2D /* ExploreHashtagCollectionViewCell.swift */; };
		11D5BCAB27C46CAF008CDA2D /* ExplorePostCollectionViewCell.swift in Sources */ = {isa = PBXBuildFile; fileRef = 11D5BCAA27C46CAF008CDA2D /* ExplorePostCollectionViewCell.swift */; };
		11D5BCAD27C46CB1008CDA2D /* ExploreUserCollectionViewCell.swift in Sources */ = {isa = PBXBuildFile; fileRef = 11D5BCAC27C46CB1008CDA2D /* ExploreUserCollectionViewCell.swift */; };
		11D5BCAF27C474CD008CDA2D /* ViewModelConfigurable.swift in Sources */ = {isa = PBXBuildFile; fileRef = 11D5BCAE27C474CD008CDA2D /* ViewModelConfigurable.swift */; };
		11D5BCB227C52D92008CDA2D /* explore.json in Resources */ = {isa = PBXBuildFile; fileRef = 11D5BCB127C52D92008CDA2D /* explore.json */; };
		11D5BCB627C53125008CDA2D /* ExploreDataManager.swift in Sources */ = {isa = PBXBuildFile; fileRef = 11D5BCB527C53125008CDA2D /* ExploreDataManager.swift */; };
		11D5BCE627CFB14A008CDA2D /* AuthField.swift in Sources */ = {isa = PBXBuildFile; fileRef = 11D5BCE527CFB14A008CDA2D /* AuthField.swift */; };
		11D5BCE827CFB174008CDA2D /* AuthButton.swift in Sources */ = {isa = PBXBuildFile; fileRef = 11D5BCE727CFB174008CDA2D /* AuthButton.swift */; };
		11D5BCED27D06634008CDA2D /* OptionalExtensions.swift in Sources */ = {isa = PBXBuildFile; fileRef = 11D5BCEC27D06634008CDA2D /* OptionalExtensions.swift */; };
		11E105E328202F5B006D0061 /* Firebase+Extensions.swift in Sources */ = {isa = PBXBuildFile; fileRef = 11E105E228202F5B006D0061 /* Firebase+Extensions.swift */; };
		11E28C6227D7CE9A008CF3BA /* SCLAlert+Extensions.swift in Sources */ = {isa = PBXBuildFile; fileRef = 11E28C6127D7CE99008CF3BA /* SCLAlert+Extensions.swift */; };
		11E28C8427D9A5AA008CF3BA /* RecordButton.swift in Sources */ = {isa = PBXBuildFile; fileRef = 11E28C8327D9A5AA008CF3BA /* RecordButton.swift */; };
		C9BB559A8CC3EB78851F3632 /* Pods_JWTikTak.framework in Frameworks */ = {isa = PBXBuildFile; fileRef = AF3A590A520B0D31BEC4F7E1 /* Pods_JWTikTak.framework */; };
/* End PBXBuildFile section */

/* Begin PBXFileReference section */
		0C841D7455384F33FCEE2A7B /* Pods-JWTikTak.release.xcconfig */ = {isa = PBXFileReference; includeInIndex = 1; lastKnownFileType = text.xcconfig; name = "Pods-JWTikTak.release.xcconfig"; path = "Target Support Files/Pods-JWTikTak/Pods-JWTikTak.release.xcconfig"; sourceTree = "<group>"; };
		1118FD402829C9A8003AA9DD /* Notifications.swift */ = {isa = PBXFileReference; lastKnownFileType = sourcecode.swift; path = Notifications.swift; sourceTree = "<group>"; };
		1118FD432829CE95003AA9DD /* NotificationsUserFollowTableViewCell.swift */ = {isa = PBXFileReference; lastKnownFileType = sourcecode.swift; path = NotificationsUserFollowTableViewCell.swift; sourceTree = "<group>"; };
		1118FD452829CF6E003AA9DD /* NotificationsPostCommentTableViewCell.swift */ = {isa = PBXFileReference; lastKnownFileType = sourcecode.swift; path = NotificationsPostCommentTableViewCell.swift; sourceTree = "<group>"; };
		1118FD472829CF7D003AA9DD /* NotificationsPostLikeTableViewCell.swift */ = {isa = PBXFileReference; lastKnownFileType = sourcecode.swift; path = NotificationsPostLikeTableViewCell.swift; sourceTree = "<group>"; };
		114A815827E1457800EAEC26 /* CaptionViewController.swift */ = {isa = PBXFileReference; lastKnownFileType = sourcecode.swift; path = CaptionViewController.swift; sourceTree = "<group>"; };
		1159DA4A282ADC3C0067C116 /* NotificationTableViewCell.swift */ = {isa = PBXFileReference; lastKnownFileType = sourcecode.swift; path = NotificationTableViewCell.swift; sourceTree = "<group>"; };
		116AF903281B32DD0096221E /* UniformKeypathInitializable.swift */ = {isa = PBXFileReference; lastKnownFileType = sourcecode.swift; path = UniformKeypathInitializable.swift; sourceTree = "<group>"; };
		116AF905281B3F380096221E /* UITextView+Placeholder.swift */ = {isa = PBXFileReference; lastKnownFileType = sourcecode.swift; path = "UITextView+Placeholder.swift"; sourceTree = "<group>"; };
		11A73E5127B31C3300BD8A2E /* JWTikTak.app */ = {isa = PBXFileReference; explicitFileType = wrapper.application; includeInIndex = 0; path = JWTikTak.app; sourceTree = BUILT_PRODUCTS_DIR; };
		11A73E5427B31C3400BD8A2E /* AppDelegate.swift */ = {isa = PBXFileReference; lastKnownFileType = sourcecode.swift; path = AppDelegate.swift; sourceTree = "<group>"; };
		11A73E5627B31C3400BD8A2E /* SceneDelegate.swift */ = {isa = PBXFileReference; lastKnownFileType = sourcecode.swift; path = SceneDelegate.swift; sourceTree = "<group>"; };
		11A73E5827B31C3400BD8A2E /* HomeViewController.swift */ = {isa = PBXFileReference; lastKnownFileType = sourcecode.swift; path = HomeViewController.swift; sourceTree = "<group>"; };
		11A73E5D27B31C3700BD8A2E /* Assets.xcassets */ = {isa = PBXFileReference; lastKnownFileType = folder.assetcatalog; path = Assets.xcassets; sourceTree = "<group>"; };
		11A73E6027B31C3700BD8A2E /* Base */ = {isa = PBXFileReference; lastKnownFileType = file.storyboard; name = Base; path = Base.lproj/LaunchScreen.storyboard; sourceTree = "<group>"; };
		11A73E6227B31C3700BD8A2E /* Info.plist */ = {isa = PBXFileReference; lastKnownFileType = text.plist.xml; path = Info.plist; sourceTree = "<group>"; };
		11A73E7027B59CB600BD8A2E /* ExploreViewController.swift */ = {isa = PBXFileReference; lastKnownFileType = sourcecode.swift; path = ExploreViewController.swift; sourceTree = "<group>"; };
		11A73E7227B59CBF00BD8A2E /* CameraViewController.swift */ = {isa = PBXFileReference; lastKnownFileType = sourcecode.swift; path = CameraViewController.swift; sourceTree = "<group>"; };
		11A73E7427B59CC900BD8A2E /* NotificationsViewController.swift */ = {isa = PBXFileReference; lastKnownFileType = sourcecode.swift; path = NotificationsViewController.swift; sourceTree = "<group>"; };
		11A73E7627B59CD400BD8A2E /* ProfileViewController.swift */ = {isa = PBXFileReference; lastKnownFileType = sourcecode.swift; path = ProfileViewController.swift; sourceTree = "<group>"; };
		11A73E7827B59CEB00BD8A2E /* UserListViewController.swift */ = {isa = PBXFileReference; lastKnownFileType = sourcecode.swift; path = UserListViewController.swift; sourceTree = "<group>"; };
		11A73E7A27B59CFE00BD8A2E /* SignInViewController.swift */ = {isa = PBXFileReference; lastKnownFileType = sourcecode.swift; path = SignInViewController.swift; sourceTree = "<group>"; };
		11A73E7C27B59D0600BD8A2E /* SignUpViewController.swift */ = {isa = PBXFileReference; lastKnownFileType = sourcecode.swift; path = SignUpViewController.swift; sourceTree = "<group>"; };
		11A73E7E27B59D0D00BD8A2E /* SettingsViewController.swift */ = {isa = PBXFileReference; lastKnownFileType = sourcecode.swift; path = SettingsViewController.swift; sourceTree = "<group>"; };
		11A73E8027B59D2C00BD8A2E /* TabBarViewController.swift */ = {isa = PBXFileReference; lastKnownFileType = sourcecode.swift; path = TabBarViewController.swift; sourceTree = "<group>"; };
		11A73E8427B59D6700BD8A2E /* PostViewController.swift */ = {isa = PBXFileReference; lastKnownFileType = sourcecode.swift; path = PostViewController.swift; sourceTree = "<group>"; };
		11A73E8827B59D8700BD8A2E /* StorageManager.swift */ = {isa = PBXFileReference; lastKnownFileType = sourcecode.swift; path = StorageManager.swift; sourceTree = "<group>"; };
		11A73E8A27B59D9A00BD8A2E /* DatabaseManager.swift */ = {isa = PBXFileReference; lastKnownFileType = sourcecode.swift; path = DatabaseManager.swift; sourceTree = "<group>"; };
		11A73E8C27B59DA500BD8A2E /* AuthenticationManager.swift */ = {isa = PBXFileReference; lastKnownFileType = sourcecode.swift; path = AuthenticationManager.swift; sourceTree = "<group>"; };
		11A73E8E27B59DBA00BD8A2E /* HapticsManager.swift */ = {isa = PBXFileReference; lastKnownFileType = sourcecode.swift; path = HapticsManager.swift; sourceTree = "<group>"; };
		11A73EBF27B5F7FB00BD8A2E /* GoogleService-Info.plist */ = {isa = PBXFileReference; fileEncoding = 4; lastKnownFileType = text.plist.xml; path = "GoogleService-Info.plist"; sourceTree = "<group>"; };
		11A73EC627B9DB6B00BD8A2E /* UIKit+Extensions.swift */ = {isa = PBXFileReference; lastKnownFileType = sourcecode.swift; path = "UIKit+Extensions.swift"; sourceTree = "<group>"; };
		11A73EC827BA0AFB00BD8A2E /* PostModel.swift */ = {isa = PBXFileReference; lastKnownFileType = sourcecode.swift; path = PostModel.swift; sourceTree = "<group>"; };
		11A73ED527BAA50200BD8A2E /* localizable.strings */ = {isa = PBXFileReference; lastKnownFileType = text.plist.strings; path = localizable.strings; sourceTree = "<group>"; };
		11A73ED727BAA54000BD8A2E /* swiftgen.yml */ = {isa = PBXFileReference; lastKnownFileType = text.yaml; path = swiftgen.yml; sourceTree = "<group>"; };
		11A73ED827BAA73B00BD8A2E /* L10n-Constants.swift */ = {isa = PBXFileReference; fileEncoding = 4; lastKnownFileType = sourcecode.swift; path = "L10n-Constants.swift"; sourceTree = "<group>"; };
		11A73EDA27BAD5E300BD8A2E /* ConvertibleNumType.swift */ = {isa = PBXFileReference; lastKnownFileType = sourcecode.swift; path = ConvertibleNumType.swift; sourceTree = "<group>"; };
		11D1EC6927BDD89100A7766D /* CommentsViewController.swift */ = {isa = PBXFileReference; lastKnownFileType = sourcecode.swift; path = CommentsViewController.swift; sourceTree = "<group>"; };
		11D1EC6F27BF2BB200A7766D /* PostComment.swift */ = {isa = PBXFileReference; lastKnownFileType = sourcecode.swift; path = PostComment.swift; sourceTree = "<group>"; };
		11D1EC7127BF2BEA00A7766D /* User.swift */ = {isa = PBXFileReference; lastKnownFileType = sourcecode.swift; path = User.swift; sourceTree = "<group>"; };
		11D1EC7327BF519900A7766D /* CommentTableViewCell.swift */ = {isa = PBXFileReference; lastKnownFileType = sourcecode.swift; path = CommentTableViewCell.swift; sourceTree = "<group>"; };
		11D1EC7827BF574500A7766D /* Foundation+Extensions.swift */ = {isa = PBXFileReference; lastKnownFileType = sourcecode.swift; path = "Foundation+Extensions.swift"; sourceTree = "<group>"; };
		11D5BC7627C00BB2008CDA2D /* Assets.swift */ = {isa = PBXFileReference; fileEncoding = 4; lastKnownFileType = sourcecode.swift; path = Assets.swift; sourceTree = "<group>"; };
		11D5BC8727C3D22D008CDA2D /* Secure.swift */ = {isa = PBXFileReference; lastKnownFileType = sourcecode.swift; path = Secure.swift; sourceTree = "<group>"; };
		11D5BC8927C3D5BE008CDA2D /* JWPlayer+Extensions.swift */ = {isa = PBXFileReference; lastKnownFileType = sourcecode.swift; path = "JWPlayer+Extensions.swift"; sourceTree = "<group>"; };
		11D5BC8F27C3E446008CDA2D /* mixkit-woman-running-vangelis-tiktok-format.mp4 */ = {isa = PBXFileReference; lastKnownFileType = file; path = "mixkit-woman-running-vangelis-tiktok-format.mp4"; sourceTree = "<group>"; };
		11D5BC9527C3F193008CDA2D /* DefaultJWPlayerXDelegate.swift */ = {isa = PBXFileReference; lastKnownFileType = sourcecode.swift; path = DefaultJWPlayerXDelegate.swift; sourceTree = "<group>"; };
		11D5BC9827C40E9B008CDA2D /* ExploreCell.swift */ = {isa = PBXFileReference; lastKnownFileType = sourcecode.swift; path = ExploreCell.swift; sourceTree = "<group>"; };
		11D5BC9A27C40EB4008CDA2D /* ExploreSection.swift */ = {isa = PBXFileReference; lastKnownFileType = sourcecode.swift; path = ExploreSection.swift; sourceTree = "<group>"; };
		11D5BC9C27C40FCD008CDA2D /* ExploreBannerViewModel.swift */ = {isa = PBXFileReference; lastKnownFileType = sourcecode.swift; path = ExploreBannerViewModel.swift; sourceTree = "<group>"; };
		11D5BC9E27C40FD5008CDA2D /* ExplorePostViewModel.swift */ = {isa = PBXFileReference; lastKnownFileType = sourcecode.swift; path = ExplorePostViewModel.swift; sourceTree = "<group>"; };
		11D5BCA027C40FD7008CDA2D /* ExploreUserViewModel.swift */ = {isa = PBXFileReference; lastKnownFileType = sourcecode.swift; path = ExploreUserViewModel.swift; sourceTree = "<group>"; };
		11D5BCA227C40FDC008CDA2D /* ExploreHashtagViewModel.swift */ = {isa = PBXFileReference; lastKnownFileType = sourcecode.swift; path = ExploreHashtagViewModel.swift; sourceTree = "<group>"; };
		11D5BCA427C46B34008CDA2D /* ExploreSectionLayoutProvider.swift */ = {isa = PBXFileReference; lastKnownFileType = sourcecode.swift; path = ExploreSectionLayoutProvider.swift; sourceTree = "<group>"; };
		11D5BCA627C46CA7008CDA2D /* ExploreBannerCollectionViewCell.swift */ = {isa = PBXFileReference; lastKnownFileType = sourcecode.swift; path = ExploreBannerCollectionViewCell.swift; sourceTree = "<group>"; };
		11D5BCA827C46CAC008CDA2D /* ExploreHashtagCollectionViewCell.swift */ = {isa = PBXFileReference; lastKnownFileType = sourcecode.swift; path = ExploreHashtagCollectionViewCell.swift; sourceTree = "<group>"; };
		11D5BCAA27C46CAF008CDA2D /* ExplorePostCollectionViewCell.swift */ = {isa = PBXFileReference; lastKnownFileType = sourcecode.swift; path = ExplorePostCollectionViewCell.swift; sourceTree = "<group>"; };
		11D5BCAC27C46CB1008CDA2D /* ExploreUserCollectionViewCell.swift */ = {isa = PBXFileReference; lastKnownFileType = sourcecode.swift; path = ExploreUserCollectionViewCell.swift; sourceTree = "<group>"; };
		11D5BCAE27C474CD008CDA2D /* ViewModelConfigurable.swift */ = {isa = PBXFileReference; lastKnownFileType = sourcecode.swift; path = ViewModelConfigurable.swift; sourceTree = "<group>"; };
		11D5BCB127C52D92008CDA2D /* explore.json */ = {isa = PBXFileReference; lastKnownFileType = text.json; path = explore.json; sourceTree = "<group>"; };
		11D5BCB527C53125008CDA2D /* ExploreDataManager.swift */ = {isa = PBXFileReference; lastKnownFileType = sourcecode.swift; path = ExploreDataManager.swift; sourceTree = "<group>"; };
		11D5BCE527CFB14A008CDA2D /* AuthField.swift */ = {isa = PBXFileReference; lastKnownFileType = sourcecode.swift; path = AuthField.swift; sourceTree = "<group>"; };
		11D5BCE727CFB174008CDA2D /* AuthButton.swift */ = {isa = PBXFileReference; lastKnownFileType = sourcecode.swift; path = AuthButton.swift; sourceTree = "<group>"; };
		11D5BCEC27D06634008CDA2D /* OptionalExtensions.swift */ = {isa = PBXFileReference; fileEncoding = 4; lastKnownFileType = sourcecode.swift; path = OptionalExtensions.swift; sourceTree = "<group>"; };
		11E105E228202F5B006D0061 /* Firebase+Extensions.swift */ = {isa = PBXFileReference; lastKnownFileType = sourcecode.swift; path = "Firebase+Extensions.swift"; sourceTree = "<group>"; };
		11E28C6027D714D3008CF3BA /* JWTikTak.entitlements */ = {isa = PBXFileReference; lastKnownFileType = text.plist.entitlements; path = JWTikTak.entitlements; sourceTree = "<group>"; };
		11E28C6127D7CE99008CF3BA /* SCLAlert+Extensions.swift */ = {isa = PBXFileReference; lastKnownFileType = sourcecode.swift; path = "SCLAlert+Extensions.swift"; sourceTree = "<group>"; };
		11E28C8327D9A5AA008CF3BA /* RecordButton.swift */ = {isa = PBXFileReference; lastKnownFileType = sourcecode.swift; path = RecordButton.swift; sourceTree = "<group>"; };
		AF3A590A520B0D31BEC4F7E1 /* Pods_JWTikTak.framework */ = {isa = PBXFileReference; explicitFileType = wrapper.framework; includeInIndex = 0; path = Pods_JWTikTak.framework; sourceTree = BUILT_PRODUCTS_DIR; };
		C0DAEFD21A83784A2B118231 /* Pods-JWTikTak.debug.xcconfig */ = {isa = PBXFileReference; includeInIndex = 1; lastKnownFileType = text.xcconfig; name = "Pods-JWTikTak.debug.xcconfig"; path = "Target Support Files/Pods-JWTikTak/Pods-JWTikTak.debug.xcconfig"; sourceTree = "<group>"; };
/* End PBXFileReference section */

/* Begin PBXFrameworksBuildPhase section */
		11A73E4E27B31C3300BD8A2E /* Frameworks */ = {
			isa = PBXFrameworksBuildPhase;
			buildActionMask = 2147483647;
			files = (
				116C55AE27F3B4B2008498A7 /* CodableFirebase in Frameworks */,
				116AF902281B18F80096221E /* ProgressHUD in Frameworks */,
				C9BB559A8CC3EB78851F3632 /* Pods_JWTikTak.framework in Frameworks */,
				116C55AB27F3B46A008498A7 /* Reusable in Frameworks */,
				116C55BA27F3B52D008498A7 /* SCLAlertView in Frameworks */,
				116C55B127F3B4D0008498A7 /* RandomColor in Frameworks */,
				116C55B427F3B4EF008498A7 /* SnapKit in Frameworks */,
				116C55B727F3B504008498A7 /* IQKeyboardManagerSwift in Frameworks */,
			);
			runOnlyForDeploymentPostprocessing = 0;
		};
/* End PBXFrameworksBuildPhase section */

/* Begin PBXGroup section */
		1118FD422829CB7F003AA9DD /* Notification cells */ = {
			isa = PBXGroup;
			children = (
				1159DA4A282ADC3C0067C116 /* NotificationTableViewCell.swift */,
				1118FD432829CE95003AA9DD /* NotificationsUserFollowTableViewCell.swift */,
				1118FD472829CF7D003AA9DD /* NotificationsPostLikeTableViewCell.swift */,
				1118FD452829CF6E003AA9DD /* NotificationsPostCommentTableViewCell.swift */,
			);
			path = "Notification cells";
			sourceTree = "<group>";
		};
		1118FD492829D03F003AA9DD /* Explore cells */ = {
			isa = PBXGroup;
			children = (
				11D5BCA627C46CA7008CDA2D /* ExploreBannerCollectionViewCell.swift */,
				11D5BCAA27C46CAF008CDA2D /* ExplorePostCollectionViewCell.swift */,
				11D5BCAC27C46CB1008CDA2D /* ExploreUserCollectionViewCell.swift */,
				11D5BCA827C46CAC008CDA2D /* ExploreHashtagCollectionViewCell.swift */,
			);
			path = "Explore cells";
			sourceTree = "<group>";
		};
		1118FD4A2829D059003AA9DD /* Auth controls */ = {
			isa = PBXGroup;
			children = (
				11D5BCE727CFB174008CDA2D /* AuthButton.swift */,
				11D5BCE527CFB14A008CDA2D /* AuthField.swift */,
			);
			path = "Auth controls";
			sourceTree = "<group>";
		};
		1188703A27EB70470012CBB6 /* FIR Models */ = {
			isa = PBXGroup;
			children = (
				11A73EC827BA0AFB00BD8A2E /* PostModel.swift */,
				11D1EC6F27BF2BB200A7766D /* PostComment.swift */,
				11D1EC7127BF2BEA00A7766D /* User.swift */,
			);
			path = "FIR Models";
			sourceTree = "<group>";
		};
		11A73E4827B31C3300BD8A2E = {
			isa = PBXGroup;
			children = (
				11A73E5327B31C3400BD8A2E /* JWTikTak */,
				11A73E5227B31C3300BD8A2E /* Products */,
				532FCD2C557B568EF93DF8A0 /* Pods */,
				D2E21CEC15563B7AE6B82DA8 /* Frameworks */,
			);
			sourceTree = "<group>";
		};
		11A73E5227B31C3300BD8A2E /* Products */ = {
			isa = PBXGroup;
			children = (
				11A73E5127B31C3300BD8A2E /* JWTikTak.app */,
			);
			name = Products;
			sourceTree = "<group>";
		};
		11A73E5327B31C3400BD8A2E /* JWTikTak */ = {
			isa = PBXGroup;
			children = (
				11E28C6027D714D3008CF3BA /* JWTikTak.entitlements */,
				11A73E6D27B59BB800BD8A2E /* Managers */,
				11A73E6C27B59BA000BD8A2E /* ViewModels */,
				11A73E6B27B59B9A00BD8A2E /* Models */,
				11A73E6927B59B5F00BD8A2E /* Views */,
				11A73E6A27B59B7C00BD8A2E /* Controllers */,
				11A73E6827B59B4600BD8A2E /* Resources */,
				11A73E6227B31C3700BD8A2E /* Info.plist */,
				11A73ED727BAA54000BD8A2E /* swiftgen.yml */,
			);
			path = JWTikTak;
			sourceTree = "<group>";
		};
		11A73E6827B59B4600BD8A2E /* Resources */ = {
			isa = PBXGroup;
			children = (
				11D5BCB027C52D74008CDA2D /* Mocks */,
				11A73ED427BAA4D700BD8A2E /* SwiftGen */,
				11A73EC527B9DB4F00BD8A2E /* Extensions */,
				11A73E5D27B31C3700BD8A2E /* Assets.xcassets */,
				11A73E5427B31C3400BD8A2E /* AppDelegate.swift */,
				11A73E5627B31C3400BD8A2E /* SceneDelegate.swift */,
				11A73EBF27B5F7FB00BD8A2E /* GoogleService-Info.plist */,
				11D5BC8727C3D22D008CDA2D /* Secure.swift */,
			);
			path = Resources;
			sourceTree = "<group>";
		};
		11A73E6927B59B5F00BD8A2E /* Views */ = {
			isa = PBXGroup;
			children = (
				11A73E8327B59D4E00BD8A2E /* Other */,
				11A73E8227B59D4300BD8A2E /* Storyboards */,
			);
			path = Views;
			sourceTree = "<group>";
		};
		11A73E6A27B59B7C00BD8A2E /* Controllers */ = {
			isa = PBXGroup;
			children = (
				11A73E6E27B59C8B00BD8A2E /* Core */,
				11A73E6F27B59C9700BD8A2E /* Other */,
			);
			path = Controllers;
			sourceTree = "<group>";
		};
		11A73E6B27B59B9A00BD8A2E /* Models */ = {
			isa = PBXGroup;
			children = (
				11D5BC9727C40E79008CDA2D /* Explore Models */,
				1188703A27EB70470012CBB6 /* FIR Models */,
				1118FD402829C9A8003AA9DD /* Notifications.swift */,
			);
			path = Models;
			sourceTree = "<group>";
		};
		11A73E6C27B59BA000BD8A2E /* ViewModels */ = {
			isa = PBXGroup;
			children = (
				11D5BC9C27C40FCD008CDA2D /* ExploreBannerViewModel.swift */,
				11D5BC9E27C40FD5008CDA2D /* ExplorePostViewModel.swift */,
				11D5BCA227C40FDC008CDA2D /* ExploreHashtagViewModel.swift */,
				11D5BCA027C40FD7008CDA2D /* ExploreUserViewModel.swift */,
				11D5BCAE27C474CD008CDA2D /* ViewModelConfigurable.swift */,
			);
			path = ViewModels;
			sourceTree = "<group>";
		};
		11A73E6D27B59BB800BD8A2E /* Managers */ = {
			isa = PBXGroup;
			children = (
				11A73E8827B59D8700BD8A2E /* StorageManager.swift */,
				11A73E8A27B59D9A00BD8A2E /* DatabaseManager.swift */,
				11A73E8C27B59DA500BD8A2E /* AuthenticationManager.swift */,
				11A73E8E27B59DBA00BD8A2E /* HapticsManager.swift */,
				11D5BCB527C53125008CDA2D /* ExploreDataManager.swift */,
			);
			path = Managers;
			sourceTree = "<group>";
		};
		11A73E6E27B59C8B00BD8A2E /* Core */ = {
			isa = PBXGroup;
			children = (
				11A73E5827B31C3400BD8A2E /* HomeViewController.swift */,
				11A73E7027B59CB600BD8A2E /* ExploreViewController.swift */,
				11D5BCA427C46B34008CDA2D /* ExploreSectionLayoutProvider.swift */,
				11A73E7227B59CBF00BD8A2E /* CameraViewController.swift */,
				11A73E7427B59CC900BD8A2E /* NotificationsViewController.swift */,
				11A73E7627B59CD400BD8A2E /* ProfileViewController.swift */,
			);
			path = Core;
			sourceTree = "<group>";
		};
		11A73E6F27B59C9700BD8A2E /* Other */ = {
			isa = PBXGroup;
			children = (
				11A73E7827B59CEB00BD8A2E /* UserListViewController.swift */,
				11D5BCE427CF2B23008CDA2D /* Authentication */,
				11A73E7E27B59D0D00BD8A2E /* SettingsViewController.swift */,
				11A73E8027B59D2C00BD8A2E /* TabBarViewController.swift */,
				11A73E8427B59D6700BD8A2E /* PostViewController.swift */,
				11D5BC9527C3F193008CDA2D /* DefaultJWPlayerXDelegate.swift */,
				11D1EC6927BDD89100A7766D /* CommentsViewController.swift */,
				114A815827E1457800EAEC26 /* CaptionViewController.swift */,
			);
			path = Other;
			sourceTree = "<group>";
		};
		11A73E8227B59D4300BD8A2E /* Storyboards */ = {
			isa = PBXGroup;
			children = (
				11A73E5F27B31C3700BD8A2E /* LaunchScreen.storyboard */,
			);
			path = Storyboards;
			sourceTree = "<group>";
		};
		11A73E8327B59D4E00BD8A2E /* Other */ = {
			isa = PBXGroup;
			children = (
				1118FD4A2829D059003AA9DD /* Auth controls */,
				11D1EC7327BF519900A7766D /* CommentTableViewCell.swift */,
				1118FD492829D03F003AA9DD /* Explore cells */,
				1118FD422829CB7F003AA9DD /* Notification cells */,
				11E28C8327D9A5AA008CF3BA /* RecordButton.swift */,
			);
			path = Other;
			sourceTree = "<group>";
		};
		11A73EC527B9DB4F00BD8A2E /* Extensions */ = {
			isa = PBXGroup;
			children = (
				11D5BCEC27D06634008CDA2D /* OptionalExtensions.swift */,
				11A73EDA27BAD5E300BD8A2E /* ConvertibleNumType.swift */,
				11A73EC627B9DB6B00BD8A2E /* UIKit+Extensions.swift */,
				11D1EC7827BF574500A7766D /* Foundation+Extensions.swift */,
				11D5BC8927C3D5BE008CDA2D /* JWPlayer+Extensions.swift */,
				11E28C6127D7CE99008CF3BA /* SCLAlert+Extensions.swift */,
				116AF903281B32DD0096221E /* UniformKeypathInitializable.swift */,
				116AF905281B3F380096221E /* UITextView+Placeholder.swift */,
				11E105E228202F5B006D0061 /* Firebase+Extensions.swift */,
			);
			path = Extensions;
			sourceTree = "<group>";
		};
		11A73ED427BAA4D700BD8A2E /* SwiftGen */ = {
			isa = PBXGroup;
			children = (
				11D5BC7627C00BB2008CDA2D /* Assets.swift */,
				11A73ED527BAA50200BD8A2E /* localizable.strings */,
				11A73ED827BAA73B00BD8A2E /* L10n-Constants.swift */,
			);
			path = SwiftGen;
			sourceTree = "<group>";
		};
		11D5BC9727C40E79008CDA2D /* Explore Models */ = {
			isa = PBXGroup;
			children = (
				11D5BC9827C40E9B008CDA2D /* ExploreCell.swift */,
				11D5BC9A27C40EB4008CDA2D /* ExploreSection.swift */,
			);
			path = "Explore Models";
			sourceTree = "<group>";
		};
		11D5BCB027C52D74008CDA2D /* Mocks */ = {
			isa = PBXGroup;
			children = (
				11D5BC8F27C3E446008CDA2D /* mixkit-woman-running-vangelis-tiktok-format.mp4 */,
				11D5BCB127C52D92008CDA2D /* explore.json */,
			);
			path = Mocks;
			sourceTree = "<group>";
		};
		11D5BCE427CF2B23008CDA2D /* Authentication */ = {
			isa = PBXGroup;
			children = (
				11A73E7A27B59CFE00BD8A2E /* SignInViewController.swift */,
				11A73E7C27B59D0600BD8A2E /* SignUpViewController.swift */,
			);
			path = Authentication;
			sourceTree = "<group>";
		};
		532FCD2C557B568EF93DF8A0 /* Pods */ = {
			isa = PBXGroup;
			children = (
				C0DAEFD21A83784A2B118231 /* Pods-JWTikTak.debug.xcconfig */,
				0C841D7455384F33FCEE2A7B /* Pods-JWTikTak.release.xcconfig */,
			);
			path = Pods;
			sourceTree = "<group>";
		};
		D2E21CEC15563B7AE6B82DA8 /* Frameworks */ = {
			isa = PBXGroup;
			children = (
				AF3A590A520B0D31BEC4F7E1 /* Pods_JWTikTak.framework */,
			);
			name = Frameworks;
			sourceTree = "<group>";
		};
/* End PBXGroup section */

/* Begin PBXNativeTarget section */
		11A73E5027B31C3300BD8A2E /* JWTikTak */ = {
			isa = PBXNativeTarget;
			buildConfigurationList = 11A73E6527B31C3700BD8A2E /* Build configuration list for PBXNativeTarget "JWTikTak" */;
			buildPhases = (
				0D55D9C3C71BE9502B479D38 /* [CP] Check Pods Manifest.lock */,
				11A73E4D27B31C3300BD8A2E /* Sources */,
				11A73E4E27B31C3300BD8A2E /* Frameworks */,
				11A73E4F27B31C3300BD8A2E /* Resources */,
				11A73EC127B5FA6200BD8A2E /* ShellScript */,
				C6AAF42873CC154C24E11633 /* [CP] Embed Pods Frameworks */,
			);
			buildRules = (
			);
			dependencies = (
			);
			name = JWTikTak;
			packageProductDependencies = (
				116C55AA27F3B46A008498A7 /* Reusable */,
				116C55AD27F3B4B2008498A7 /* CodableFirebase */,
				116C55B027F3B4D0008498A7 /* RandomColor */,
				116C55B327F3B4EF008498A7 /* SnapKit */,
				116C55B627F3B504008498A7 /* IQKeyboardManagerSwift */,
				116C55B927F3B52D008498A7 /* SCLAlertView */,
				116AF901281B18F80096221E /* ProgressHUD */,
			);
			productName = JWTikTak;
			productReference = 11A73E5127B31C3300BD8A2E /* JWTikTak.app */;
			productType = "com.apple.product-type.application";
		};
/* End PBXNativeTarget section */

/* Begin PBXProject section */
		11A73E4927B31C3300BD8A2E /* Project object */ = {
			isa = PBXProject;
			attributes = {
				BuildIndependentTargetsInParallel = 1;
				LastSwiftUpdateCheck = 1320;
				LastUpgradeCheck = 1320;
				TargetAttributes = {
					11A73E5027B31C3300BD8A2E = {
						CreatedOnToolsVersion = 13.2.1;
					};
				};
			};
			buildConfigurationList = 11A73E4C27B31C3300BD8A2E /* Build configuration list for PBXProject "JWTikTak" */;
			compatibilityVersion = "Xcode 13.0";
			developmentRegion = en;
			hasScannedForEncodings = 0;
			knownRegions = (
				en,
				Base,
			);
			mainGroup = 11A73E4827B31C3300BD8A2E;
			packageReferences = (
				116C55A927F3B46A008498A7 /* XCRemoteSwiftPackageReference "Reusable" */,
				116C55AC27F3B4B2008498A7 /* XCRemoteSwiftPackageReference "CodableFirebase" */,
				116C55AF27F3B4D0008498A7 /* XCRemoteSwiftPackageReference "RandomColorSwift" */,
				116C55B227F3B4EF008498A7 /* XCRemoteSwiftPackageReference "SnapKit" */,
				116C55B527F3B504008498A7 /* XCRemoteSwiftPackageReference "IQKeyboardManager" */,
				116C55B827F3B52D008498A7 /* XCRemoteSwiftPackageReference "SCLAlertView-Swift" */,
				116AF900281B18F80096221E /* XCRemoteSwiftPackageReference "ProgressHUD" */,
			);
			productRefGroup = 11A73E5227B31C3300BD8A2E /* Products */;
			projectDirPath = "";
			projectRoot = "";
			targets = (
				11A73E5027B31C3300BD8A2E /* JWTikTak */,
			);
		};
/* End PBXProject section */

/* Begin PBXResourcesBuildPhase section */
		11A73E4F27B31C3300BD8A2E /* Resources */ = {
			isa = PBXResourcesBuildPhase;
			buildActionMask = 2147483647;
			files = (
				11A73E6127B31C3700BD8A2E /* LaunchScreen.storyboard in Resources */,
				11D5BCB227C52D92008CDA2D /* explore.json in Resources */,
				11A73ED627BAA50200BD8A2E /* localizable.strings in Resources */,
				11A73EC027B5F7FB00BD8A2E /* GoogleService-Info.plist in Resources */,
				11D5BC9027C3E446008CDA2D /* mixkit-woman-running-vangelis-tiktok-format.mp4 in Resources */,
				11A73E5E27B31C3700BD8A2E /* Assets.xcassets in Resources */,
			);
			runOnlyForDeploymentPostprocessing = 0;
		};
/* End PBXResourcesBuildPhase section */

/* Begin PBXShellScriptBuildPhase section */
		0D55D9C3C71BE9502B479D38 /* [CP] Check Pods Manifest.lock */ = {
			isa = PBXShellScriptBuildPhase;
			buildActionMask = 2147483647;
			files = (
			);
			inputFileListPaths = (
			);
			inputPaths = (
				"${PODS_PODFILE_DIR_PATH}/Podfile.lock",
				"${PODS_ROOT}/Manifest.lock",
			);
			name = "[CP] Check Pods Manifest.lock";
			outputFileListPaths = (
			);
			outputPaths = (
				"$(DERIVED_FILE_DIR)/Pods-JWTikTak-checkManifestLockResult.txt",
			);
			runOnlyForDeploymentPostprocessing = 0;
			shellPath = /bin/sh;
			shellScript = "diff \"${PODS_PODFILE_DIR_PATH}/Podfile.lock\" \"${PODS_ROOT}/Manifest.lock\" > /dev/null\nif [ $? != 0 ] ; then\n    # print error to STDERR\n    echo \"error: The sandbox is not in sync with the Podfile.lock. Run 'pod install' or update your CocoaPods installation.\" >&2\n    exit 1\nfi\n# This output is used by Xcode 'outputs' to avoid re-running this script phase.\necho \"SUCCESS\" > \"${SCRIPT_OUTPUT_FILE_0}\"\n";
			showEnvVarsInLog = 0;
		};
		11A73EC127B5FA6200BD8A2E /* ShellScript */ = {
			isa = PBXShellScriptBuildPhase;
			buildActionMask = 2147483647;
			files = (
			);
			inputFileListPaths = (
			);
			inputPaths = (
				"${DWARF_DSYM_FOLDER_PATH}/${DWARF_DSYM_FILE_NAME}/Contents/Resources/DWARF/${TARGET_NAME}",
				"$(SRCROOT)/$(BUILT_PRODUCTS_DIR)/$(INFOPLIST_PATH)",
			);
			outputFileListPaths = (
			);
			outputPaths = (
			);
			runOnlyForDeploymentPostprocessing = 0;
			shellPath = /bin/sh;
			shellScript = "# If you installed firebase using cocoa pods use:\n\"${PODS_ROOT}/FirebaseCrashlytics/run\"\n# If you installed firebase using Swift Package Manager use:\n# \"${BUILD_DIR%/Build/*}/SourcePackages/checkouts/firebase-ios-sdk/Crashlytics/run\"\n";
		};
		C6AAF42873CC154C24E11633 /* [CP] Embed Pods Frameworks */ = {
			isa = PBXShellScriptBuildPhase;
			buildActionMask = 2147483647;
			files = (
			);
			inputFileListPaths = (
				"${PODS_ROOT}/Target Support Files/Pods-JWTikTak/Pods-JWTikTak-frameworks-${CONFIGURATION}-input-files.xcfilelist",
			);
			name = "[CP] Embed Pods Frameworks";
			outputFileListPaths = (
				"${PODS_ROOT}/Target Support Files/Pods-JWTikTak/Pods-JWTikTak-frameworks-${CONFIGURATION}-output-files.xcfilelist",
			);
			runOnlyForDeploymentPostprocessing = 0;
			shellPath = /bin/sh;
			shellScript = "\"${PODS_ROOT}/Target Support Files/Pods-JWTikTak/Pods-JWTikTak-frameworks.sh\"\n";
			showEnvVarsInLog = 0;
		};
/* End PBXShellScriptBuildPhase section */

/* Begin PBXSourcesBuildPhase section */
		11A73E4D27B31C3300BD8A2E /* Sources */ = {
			isa = PBXSourcesBuildPhase;
			buildActionMask = 2147483647;
			files = (
				11A73ED927BAA73B00BD8A2E /* L10n-Constants.swift in Sources */,
				11D5BCE827CFB174008CDA2D /* AuthButton.swift in Sources */,
				11A73E8F27B59DBA00BD8A2E /* HapticsManager.swift in Sources */,
				11D1EC7427BF519900A7766D /* CommentTableViewCell.swift in Sources */,
				11D5BC9B27C40EB4008CDA2D /* ExploreSection.swift in Sources */,
				11A73E7D27B59D0600BD8A2E /* SignUpViewController.swift in Sources */,
				1159DA4B282ADC3D0067C116 /* NotificationTableViewCell.swift in Sources */,
				11A73E7127B59CB600BD8A2E /* ExploreViewController.swift in Sources */,
				11E28C8427D9A5AA008CF3BA /* RecordButton.swift in Sources */,
				11A73E7F27B59D0D00BD8A2E /* SettingsViewController.swift in Sources */,
				11D5BCAB27C46CAF008CDA2D /* ExplorePostCollectionViewCell.swift in Sources */,
				11A73E8527B59D6700BD8A2E /* PostViewController.swift in Sources */,
				116AF906281B3F380096221E /* UITextView+Placeholder.swift in Sources */,
				11D5BCAD27C46CB1008CDA2D /* ExploreUserCollectionViewCell.swift in Sources */,
				11A73E7927B59CEB00BD8A2E /* UserListViewController.swift in Sources */,
				11D5BCED27D06634008CDA2D /* OptionalExtensions.swift in Sources */,
				11A73E8127B59D2C00BD8A2E /* TabBarViewController.swift in Sources */,
				11E105E328202F5B006D0061 /* Firebase+Extensions.swift in Sources */,
				11D5BC9F27C40FD5008CDA2D /* ExplorePostViewModel.swift in Sources */,
				11D5BCA727C46CA7008CDA2D /* ExploreBannerCollectionViewCell.swift in Sources */,
				11A73E7327B59CBF00BD8A2E /* CameraViewController.swift in Sources */,
				11D5BC8A27C3D5BE008CDA2D /* JWPlayer+Extensions.swift in Sources */,
				11D5BCA927C46CAC008CDA2D /* ExploreHashtagCollectionViewCell.swift in Sources */,
				11D1EC7027BF2BB200A7766D /* PostComment.swift in Sources */,
				11D5BC9D27C40FCD008CDA2D /* ExploreBannerViewModel.swift in Sources */,
				11D1EC6A27BDD89100A7766D /* CommentsViewController.swift in Sources */,
				11E28C6227D7CE9A008CF3BA /* SCLAlert+Extensions.swift in Sources */,
				11D5BCA527C46B34008CDA2D /* ExploreSectionLayoutProvider.swift in Sources */,
				11A73E5927B31C3400BD8A2E /* HomeViewController.swift in Sources */,
				11A73E8D27B59DA500BD8A2E /* AuthenticationManager.swift in Sources */,
				11A73E7527B59CC900BD8A2E /* NotificationsViewController.swift in Sources */,
				11D5BCA327C40FDC008CDA2D /* ExploreHashtagViewModel.swift in Sources */,
				11A73E7727B59CD400BD8A2E /* ProfileViewController.swift in Sources */,
				11A73E5527B31C3400BD8A2E /* AppDelegate.swift in Sources */,
				11031F592824BECF005F0803 /* UniformKeypathInitializable.swift in Sources */,
				11D5BC8827C3D22D008CDA2D /* Secure.swift in Sources */,
				114A815927E1457800EAEC26 /* CaptionViewController.swift in Sources */,
				11D5BC9927C40E9B008CDA2D /* ExploreCell.swift in Sources */,
				11D1EC7927BF574500A7766D /* Foundation+Extensions.swift in Sources */,
				11A73EC927BA0AFB00BD8A2E /* PostModel.swift in Sources */,
				11A73EC727B9DB6B00BD8A2E /* UIKit+Extensions.swift in Sources */,
				11D5BCB627C53125008CDA2D /* ExploreDataManager.swift in Sources */,
				11A73E8927B59D8700BD8A2E /* StorageManager.swift in Sources */,
				11D1EC7227BF2BEA00A7766D /* User.swift in Sources */,
				1118FD412829C9A8003AA9DD /* Notifications.swift in Sources */,
				11D5BCE627CFB14A008CDA2D /* AuthField.swift in Sources */,
				116AF8FE281AF3330096221E /* DatabaseManager.swift in Sources */,
				11A73EDE27BAE39900BD8A2E /* ConvertibleNumType.swift in Sources */,
				11A73E5727B31C3400BD8A2E /* SceneDelegate.swift in Sources */,
				11A73E7B27B59CFE00BD8A2E /* SignInViewController.swift in Sources */,
				11D5BCA127C40FD7008CDA2D /* ExploreUserViewModel.swift in Sources */,
				11D5BC9627C3F193008CDA2D /* DefaultJWPlayerXDelegate.swift in Sources */,
				11D5BC7727C00BB2008CDA2D /* Assets.swift in Sources */,
				11D5BCAF27C474CD008CDA2D /* ViewModelConfigurable.swift in Sources */,
			);
			runOnlyForDeploymentPostprocessing = 0;
		};
/* End PBXSourcesBuildPhase section */

/* Begin PBXVariantGroup section */
		11A73E5F27B31C3700BD8A2E /* LaunchScreen.storyboard */ = {
			isa = PBXVariantGroup;
			children = (
				11A73E6027B31C3700BD8A2E /* Base */,
			);
			name = LaunchScreen.storyboard;
			sourceTree = "<group>";
		};
/* End PBXVariantGroup section */

/* Begin XCBuildConfiguration section */
		11A73E6327B31C3700BD8A2E /* Debug */ = {
			isa = XCBuildConfiguration;
			buildSettings = {
				ALWAYS_SEARCH_USER_PATHS = NO;
				CLANG_ANALYZER_NONNULL = YES;
				CLANG_ANALYZER_NUMBER_OBJECT_CONVERSION = YES_AGGRESSIVE;
				CLANG_CXX_LANGUAGE_STANDARD = "gnu++17";
				CLANG_CXX_LIBRARY = "libc++";
				CLANG_ENABLE_MODULES = YES;
				CLANG_ENABLE_OBJC_ARC = YES;
				CLANG_ENABLE_OBJC_WEAK = YES;
				CLANG_WARN_BLOCK_CAPTURE_AUTORELEASING = YES;
				CLANG_WARN_BOOL_CONVERSION = YES;
				CLANG_WARN_COMMA = YES;
				CLANG_WARN_CONSTANT_CONVERSION = YES;
				CLANG_WARN_DEPRECATED_OBJC_IMPLEMENTATIONS = YES;
				CLANG_WARN_DIRECT_OBJC_ISA_USAGE = YES_ERROR;
				CLANG_WARN_DOCUMENTATION_COMMENTS = YES;
				CLANG_WARN_EMPTY_BODY = YES;
				CLANG_WARN_ENUM_CONVERSION = YES;
				CLANG_WARN_INFINITE_RECURSION = YES;
				CLANG_WARN_INT_CONVERSION = YES;
				CLANG_WARN_NON_LITERAL_NULL_CONVERSION = YES;
				CLANG_WARN_OBJC_IMPLICIT_RETAIN_SELF = YES;
				CLANG_WARN_OBJC_LITERAL_CONVERSION = YES;
				CLANG_WARN_OBJC_ROOT_CLASS = YES_ERROR;
				CLANG_WARN_QUOTED_INCLUDE_IN_FRAMEWORK_HEADER = YES;
				CLANG_WARN_RANGE_LOOP_ANALYSIS = YES;
				CLANG_WARN_STRICT_PROTOTYPES = YES;
				CLANG_WARN_SUSPICIOUS_MOVE = YES;
				CLANG_WARN_UNGUARDED_AVAILABILITY = YES_AGGRESSIVE;
				CLANG_WARN_UNREACHABLE_CODE = YES;
				CLANG_WARN__DUPLICATE_METHOD_MATCH = YES;
				COPY_PHASE_STRIP = NO;
				DEBUG_INFORMATION_FORMAT = dwarf;
				ENABLE_STRICT_OBJC_MSGSEND = YES;
				ENABLE_TESTABILITY = YES;
				GCC_C_LANGUAGE_STANDARD = gnu11;
				GCC_DYNAMIC_NO_PIC = NO;
				GCC_NO_COMMON_BLOCKS = YES;
				GCC_OPTIMIZATION_LEVEL = 0;
				GCC_PREPROCESSOR_DEFINITIONS = (
					"DEBUG=1",
					"$(inherited)",
				);
				GCC_WARN_64_TO_32_BIT_CONVERSION = YES;
				GCC_WARN_ABOUT_RETURN_TYPE = YES_ERROR;
				GCC_WARN_UNDECLARED_SELECTOR = YES;
				GCC_WARN_UNINITIALIZED_AUTOS = YES_AGGRESSIVE;
				GCC_WARN_UNUSED_FUNCTION = YES;
				GCC_WARN_UNUSED_VARIABLE = YES;
				IPHONEOS_DEPLOYMENT_TARGET = 15.4;
				MTL_ENABLE_DEBUG_INFO = INCLUDE_SOURCE;
				MTL_FAST_MATH = YES;
				ONLY_ACTIVE_ARCH = YES;
				SDKROOT = iphoneos;
				SWIFT_ACTIVE_COMPILATION_CONDITIONS = DEBUG;
				SWIFT_OPTIMIZATION_LEVEL = "-Onone";
			};
			name = Debug;
		};
		11A73E6427B31C3700BD8A2E /* Release */ = {
			isa = XCBuildConfiguration;
			buildSettings = {
				ALWAYS_SEARCH_USER_PATHS = NO;
				CLANG_ANALYZER_NONNULL = YES;
				CLANG_ANALYZER_NUMBER_OBJECT_CONVERSION = YES_AGGRESSIVE;
				CLANG_CXX_LANGUAGE_STANDARD = "gnu++17";
				CLANG_CXX_LIBRARY = "libc++";
				CLANG_ENABLE_MODULES = YES;
				CLANG_ENABLE_OBJC_ARC = YES;
				CLANG_ENABLE_OBJC_WEAK = YES;
				CLANG_WARN_BLOCK_CAPTURE_AUTORELEASING = YES;
				CLANG_WARN_BOOL_CONVERSION = YES;
				CLANG_WARN_COMMA = YES;
				CLANG_WARN_CONSTANT_CONVERSION = YES;
				CLANG_WARN_DEPRECATED_OBJC_IMPLEMENTATIONS = YES;
				CLANG_WARN_DIRECT_OBJC_ISA_USAGE = YES_ERROR;
				CLANG_WARN_DOCUMENTATION_COMMENTS = YES;
				CLANG_WARN_EMPTY_BODY = YES;
				CLANG_WARN_ENUM_CONVERSION = YES;
				CLANG_WARN_INFINITE_RECURSION = YES;
				CLANG_WARN_INT_CONVERSION = YES;
				CLANG_WARN_NON_LITERAL_NULL_CONVERSION = YES;
				CLANG_WARN_OBJC_IMPLICIT_RETAIN_SELF = YES;
				CLANG_WARN_OBJC_LITERAL_CONVERSION = YES;
				CLANG_WARN_OBJC_ROOT_CLASS = YES_ERROR;
				CLANG_WARN_QUOTED_INCLUDE_IN_FRAMEWORK_HEADER = YES;
				CLANG_WARN_RANGE_LOOP_ANALYSIS = YES;
				CLANG_WARN_STRICT_PROTOTYPES = YES;
				CLANG_WARN_SUSPICIOUS_MOVE = YES;
				CLANG_WARN_UNGUARDED_AVAILABILITY = YES_AGGRESSIVE;
				CLANG_WARN_UNREACHABLE_CODE = YES;
				CLANG_WARN__DUPLICATE_METHOD_MATCH = YES;
				COPY_PHASE_STRIP = NO;
				DEBUG_INFORMATION_FORMAT = "dwarf-with-dsym";
				ENABLE_NS_ASSERTIONS = NO;
				ENABLE_STRICT_OBJC_MSGSEND = YES;
				GCC_C_LANGUAGE_STANDARD = gnu11;
				GCC_NO_COMMON_BLOCKS = YES;
				GCC_WARN_64_TO_32_BIT_CONVERSION = YES;
				GCC_WARN_ABOUT_RETURN_TYPE = YES_ERROR;
				GCC_WARN_UNDECLARED_SELECTOR = YES;
				GCC_WARN_UNINITIALIZED_AUTOS = YES_AGGRESSIVE;
				GCC_WARN_UNUSED_FUNCTION = YES;
				GCC_WARN_UNUSED_VARIABLE = YES;
				IPHONEOS_DEPLOYMENT_TARGET = 15.4;
				MTL_ENABLE_DEBUG_INFO = NO;
				MTL_FAST_MATH = YES;
				SDKROOT = iphoneos;
				SWIFT_COMPILATION_MODE = wholemodule;
				SWIFT_OPTIMIZATION_LEVEL = "-O";
				VALIDATE_PRODUCT = YES;
			};
			name = Release;
		};
		11A73E6627B31C3700BD8A2E /* Debug */ = {
			isa = XCBuildConfiguration;
			baseConfigurationReference = C0DAEFD21A83784A2B118231 /* Pods-JWTikTak.debug.xcconfig */;
			buildSettings = {
				ASSETCATALOG_COMPILER_APPICON_NAME = AppIcon;
				ASSETCATALOG_COMPILER_GLOBAL_ACCENT_COLOR_NAME = AccentColor;
				CODE_SIGN_ENTITLEMENTS = JWTikTak/JWTikTak.entitlements;
				CODE_SIGN_STYLE = Automatic;
				CURRENT_PROJECT_VERSION = 1;
				DEBUG_INFORMATION_FORMAT = "dwarf-with-dsym";
				DEVELOPMENT_TEAM = 8VC65F749H;
				GENERATE_INFOPLIST_FILE = YES;
				INFOPLIST_FILE = JWTikTak/Info.plist;
				INFOPLIST_KEY_UIApplicationSupportsIndirectInputEvents = YES;
				INFOPLIST_KEY_UILaunchStoryboardName = LaunchScreen;
				INFOPLIST_KEY_UISupportedInterfaceOrientations = UIInterfaceOrientationPortrait;
				INFOPLIST_KEY_UISupportedInterfaceOrientations_iPad = "UIInterfaceOrientationPortrait UIInterfaceOrientationPortraitUpsideDown UIInterfaceOrientationLandscapeLeft UIInterfaceOrientationLandscapeRight";
				INFOPLIST_KEY_UISupportedInterfaceOrientations_iPhone = "UIInterfaceOrientationPortrait UIInterfaceOrientationLandscapeLeft UIInterfaceOrientationLandscapeRight";
				IPHONEOS_DEPLOYMENT_TARGET = 15.4;
				LD_RUNPATH_SEARCH_PATHS = (
					"$(inherited)",
					"@executable_path/Frameworks",
				);
				MARKETING_VERSION = 1.0;
				PRODUCT_BUNDLE_IDENTIFIER = com.AmitaiB.JWTikTak;
				PRODUCT_NAME = "$(TARGET_NAME)";
				SWIFT_EMIT_LOC_STRINGS = YES;
				SWIFT_VERSION = 5.0;
				TARGETED_DEVICE_FAMILY = 1;
			};
			name = Debug;
		};
		11A73E6727B31C3700BD8A2E /* Release */ = {
			isa = XCBuildConfiguration;
			baseConfigurationReference = 0C841D7455384F33FCEE2A7B /* Pods-JWTikTak.release.xcconfig */;
			buildSettings = {
				ASSETCATALOG_COMPILER_APPICON_NAME = AppIcon;
				ASSETCATALOG_COMPILER_GLOBAL_ACCENT_COLOR_NAME = AccentColor;
				CODE_SIGN_ENTITLEMENTS = JWTikTak/JWTikTak.entitlements;
				CODE_SIGN_STYLE = Automatic;
				CURRENT_PROJECT_VERSION = 1;
				DEVELOPMENT_TEAM = 8VC65F749H;
				GENERATE_INFOPLIST_FILE = YES;
				INFOPLIST_FILE = JWTikTak/Info.plist;
				INFOPLIST_KEY_UIApplicationSupportsIndirectInputEvents = YES;
				INFOPLIST_KEY_UILaunchStoryboardName = LaunchScreen;
				INFOPLIST_KEY_UISupportedInterfaceOrientations = UIInterfaceOrientationPortrait;
				INFOPLIST_KEY_UISupportedInterfaceOrientations_iPad = "UIInterfaceOrientationPortrait UIInterfaceOrientationPortraitUpsideDown UIInterfaceOrientationLandscapeLeft UIInterfaceOrientationLandscapeRight";
				INFOPLIST_KEY_UISupportedInterfaceOrientations_iPhone = "UIInterfaceOrientationPortrait UIInterfaceOrientationLandscapeLeft UIInterfaceOrientationLandscapeRight";
				IPHONEOS_DEPLOYMENT_TARGET = 15.4;
				LD_RUNPATH_SEARCH_PATHS = (
					"$(inherited)",
					"@executable_path/Frameworks",
				);
				MARKETING_VERSION = 1.0;
				PRODUCT_BUNDLE_IDENTIFIER = com.AmitaiB.JWTikTak;
				PRODUCT_NAME = "$(TARGET_NAME)";
				SWIFT_EMIT_LOC_STRINGS = YES;
				SWIFT_VERSION = 5.0;
				TARGETED_DEVICE_FAMILY = 1;
			};
			name = Release;
		};
/* End XCBuildConfiguration section */

/* Begin XCConfigurationList section */
		11A73E4C27B31C3300BD8A2E /* Build configuration list for PBXProject "JWTikTak" */ = {
			isa = XCConfigurationList;
			buildConfigurations = (
				11A73E6327B31C3700BD8A2E /* Debug */,
				11A73E6427B31C3700BD8A2E /* Release */,
			);
			defaultConfigurationIsVisible = 0;
			defaultConfigurationName = Release;
		};
		11A73E6527B31C3700BD8A2E /* Build configuration list for PBXNativeTarget "JWTikTak" */ = {
			isa = XCConfigurationList;
			buildConfigurations = (
				11A73E6627B31C3700BD8A2E /* Debug */,
				11A73E6727B31C3700BD8A2E /* Release */,
			);
			defaultConfigurationIsVisible = 0;
			defaultConfigurationName = Release;
		};
/* End XCConfigurationList section */

/* Begin XCRemoteSwiftPackageReference section */
		116AF900281B18F80096221E /* XCRemoteSwiftPackageReference "ProgressHUD" */ = {
			isa = XCRemoteSwiftPackageReference;
			repositoryURL = "https://github.com/relatedcode/ProgressHUD";
			requirement = {
				kind = upToNextMajorVersion;
				minimumVersion = 13.0.0;
			};
		};
		116C55A927F3B46A008498A7 /* XCRemoteSwiftPackageReference "Reusable" */ = {
			isa = XCRemoteSwiftPackageReference;
			repositoryURL = "https://github.com/AliSoftware/Reusable";
			requirement = {
				branch = main;
				kind = branch;
			};
		};
		116C55AC27F3B4B2008498A7 /* XCRemoteSwiftPackageReference "CodableFirebase" */ = {
			isa = XCRemoteSwiftPackageReference;
			repositoryURL = "https://github.com/alickbass/CodableFirebase";
			requirement = {
				branch = master;
				kind = branch;
			};
		};
		116C55AF27F3B4D0008498A7 /* XCRemoteSwiftPackageReference "RandomColorSwift" */ = {
			isa = XCRemoteSwiftPackageReference;
			repositoryURL = "https://github.com/onevcat/RandomColorSwift";
			requirement = {
				branch = master;
				kind = branch;
			};
		};
		116C55B227F3B4EF008498A7 /* XCRemoteSwiftPackageReference "SnapKit" */ = {
			isa = XCRemoteSwiftPackageReference;
			repositoryURL = "https://github.com/SnapKit/SnapKit";
			requirement = {
				kind = upToNextMajorVersion;
				minimumVersion = 5.0.0;
			};
		};
		116C55B527F3B504008498A7 /* XCRemoteSwiftPackageReference "IQKeyboardManager" */ = {
			isa = XCRemoteSwiftPackageReference;
			repositoryURL = "https://github.com/hackiftekhar/IQKeyboardManager";
			requirement = {
				branch = master;
				kind = branch;
			};
		};
		116C55B827F3B52D008498A7 /* XCRemoteSwiftPackageReference "SCLAlertView-Swift" */ = {
			isa = XCRemoteSwiftPackageReference;
			repositoryURL = "https://github.com/vikmeup/SCLAlertView-Swift";
			requirement = {
				branch = master;
				kind = branch;
			};
		};
/* End XCRemoteSwiftPackageReference section */

/* Begin XCSwiftPackageProductDependency section */
		116AF901281B18F80096221E /* ProgressHUD */ = {
			isa = XCSwiftPackageProductDependency;
			package = 116AF900281B18F80096221E /* XCRemoteSwiftPackageReference "ProgressHUD" */;
			productName = ProgressHUD;
		};
		116C55AA27F3B46A008498A7 /* Reusable */ = {
			isa = XCSwiftPackageProductDependency;
			package = 116C55A927F3B46A008498A7 /* XCRemoteSwiftPackageReference "Reusable" */;
			productName = Reusable;
		};
		116C55AD27F3B4B2008498A7 /* CodableFirebase */ = {
			isa = XCSwiftPackageProductDependency;
			package = 116C55AC27F3B4B2008498A7 /* XCRemoteSwiftPackageReference "CodableFirebase" */;
			productName = CodableFirebase;
		};
		116C55B027F3B4D0008498A7 /* RandomColor */ = {
			isa = XCSwiftPackageProductDependency;
			package = 116C55AF27F3B4D0008498A7 /* XCRemoteSwiftPackageReference "RandomColorSwift" */;
			productName = RandomColor;
		};
		116C55B327F3B4EF008498A7 /* SnapKit */ = {
			isa = XCSwiftPackageProductDependency;
			package = 116C55B227F3B4EF008498A7 /* XCRemoteSwiftPackageReference "SnapKit" */;
			productName = SnapKit;
		};
		116C55B627F3B504008498A7 /* IQKeyboardManagerSwift */ = {
			isa = XCSwiftPackageProductDependency;
			package = 116C55B527F3B504008498A7 /* XCRemoteSwiftPackageReference "IQKeyboardManager" */;
			productName = IQKeyboardManagerSwift;
		};
		116C55B927F3B52D008498A7 /* SCLAlertView */ = {
			isa = XCSwiftPackageProductDependency;
			package = 116C55B827F3B52D008498A7 /* XCRemoteSwiftPackageReference "SCLAlertView-Swift" */;
			productName = SCLAlertView;
		};
/* End XCSwiftPackageProductDependency section */
	};
	rootObject = 11A73E4927B31C3300BD8A2E /* Project object */;
}
